
Microsoft Visual Studio Solution File, Format Version 12.00
# Visual Studio Version 17
VisualStudioVersion = 17.9.34728.123
MinimumVisualStudioVersion = 10.0.40219.1
Project("{9A19103F-16F7-4668-BE54-9A1E7A4F7556}") = "SMTest", "SMTest\SMTest.csproj", "{C1631BAF-18A6-4FEE-A50F-070FE588DEA6}"
EndProject
Project("{9A19103F-16F7-4668-BE54-9A1E7A4F7556}") = "WinFormsForSM", "WinFormsForSM\WinFormsForSM.csproj", "{DA97ED1C-DA29-4F84-8C7A-031AD4100E90}"
EndProject
Project("{FAE04EC0-301F-11D3-BF4B-00C04F79EFBC}") = "SMLib", "SMLib\SMLib.csproj", "{4CAB3BE0-16E0-4931-9928-B4479B1B111E}"
EndProject
Global
	GlobalSection(SolutionConfigurationPlatforms) = preSolution
		Debug|Any CPU = Debug|Any CPU
		Release|Any CPU = Release|Any CPU
	EndGlobalSection
	GlobalSection(ProjectConfigurationPlatforms) = postSolution
		{C1631BAF-18A6-4FEE-A50F-070FE588DEA6}.Debug|Any CPU.ActiveCfg = Debug|Any CPU
		{C1631BAF-18A6-4FEE-A50F-070FE588DEA6}.Debug|Any CPU.Build.0 = Debug|Any CPU
		{C1631BAF-18A6-4FEE-A50F-070FE588DEA6}.Release|Any CPU.ActiveCfg = Release|Any CPU
		{C1631BAF-18A6-4FEE-A50F-070FE588DEA6}.Release|Any CPU.Build.0 = Release|Any CPU
		{DA97ED1C-DA29-4F84-8C7A-031AD4100E90}.Debug|Any CPU.ActiveCfg = Debug|Any CPU
		{DA97ED1C-DA29-4F84-8C7A-031AD4100E90}.Debug|Any CPU.Build.0 = Debug|Any CPU
		{DA97ED1C-DA29-4F84-8C7A-031AD4100E90}.Release|Any CPU.ActiveCfg = Release|Any CPU
		{DA97ED1C-DA29-4F84-8C7A-031AD4100E90}.Release|Any CPU.Build.0 = Release|Any CPU
		{4CAB3BE0-16E0-4931-9928-B4479B1B111E}.Debug|Any CPU.ActiveCfg = Debug|Any CPU
		{4CAB3BE0-16E0-4931-9928-B4479B1B111E}.Debug|Any CPU.Build.0 = Debug|Any CPU
		{4CAB3BE0-16E0-4931-9928-B4479B1B111E}.Release|Any CPU.ActiveCfg = Release|Any CPU
		{4CAB3BE0-16E0-4931-9928-B4479B1B111E}.Release|Any CPU.Build.0 = Release|Any CPU
	EndGlobalSection
	GlobalSection(SolutionProperties) = preSolution
		HideSolutionNode = FALSE
	EndGlobalSection
	GlobalSection(ExtensibilityGlobals) = postSolution
		SolutionGuid = {4476B3A9-77C0-427D-95A9-C632F8842F14}
	EndGlobalSection
EndGlobal
